
Microsoft Visual Studio Solution File, Format Version 12.00
# Visual Studio 15
VisualStudioVersion = 15.0.27703.2000
MinimumVisualStudioVersion = 10.0.40219.1
Project("{E24C65DC-7377-472B-9ABA-BC803B73C61A}") = "WebPagesMovies", "WebPagesMovies\", "{B878A083-36D5-4ACC-8194-AF570FA4757D}"
	ProjectSection(WebsiteProperties) = preProject
		TargetFrameworkMoniker = ".NETFramework,Version%3Dv4.6.1"
		Debug.AspNetCompiler.VirtualPath = "/localhost_56373"
		Debug.AspNetCompiler.PhysicalPath = "WebPagesMovies\"
		Debug.AspNetCompiler.TargetPath = "PrecompiledWeb\localhost_56373\"
		Debug.AspNetCompiler.Updateable = "true"
		Debug.AspNetCompiler.ForceOverwrite = "true"
		Debug.AspNetCompiler.FixedNames = "false"
		Debug.AspNetCompiler.Debug = "True"
		Release.AspNetCompiler.VirtualPath = "/localhost_56373"
		Release.AspNetCompiler.PhysicalPath = "WebPagesMovies\"
		Release.AspNetCompiler.TargetPath = "PrecompiledWeb\localhost_56373\"
		Release.AspNetCompiler.Updateable = "true"
		Release.AspNetCompiler.ForceOverwrite = "true"
		Release.AspNetCompiler.FixedNames = "false"
		Release.AspNetCompiler.Debug = "False"
		VWDPort = "56373"
		SlnRelativePath = "WebPagesMovies\"
		DefaultWebSiteLanguage = "Visual C#"
	EndProjectSection
EndProject
Global
	GlobalSection(SolutionConfigurationPlatforms) = preSolution
		Debug|Any CPU = Debug|Any CPU
	EndGlobalSection
	GlobalSection(ProjectConfigurationPlatforms) = postSolution
		{B878A083-36D5-4ACC-8194-AF570FA4757D}.Debug|Any CPU.ActiveCfg = Debug|Any CPU
		{B878A083-36D5-4ACC-8194-AF570FA4757D}.Debug|Any CPU.Build.0 = Debug|Any CPU
	EndGlobalSection
	GlobalSection(SolutionProperties) = preSolution
		HideSolutionNode = FALSE
	EndGlobalSection
	GlobalSection(ExtensibilityGlobals) = postSolution
		SolutionGuid = {560A0192-926F-49DB-8267-60E429BBE21D}
	EndGlobalSection
EndGlobal
